
Microsoft Visual Studio Solution File, Format Version 12.00
# Visual Studio Version 16
VisualStudioVersion = 16.0.30225.117
MinimumVisualStudioVersion = 10.0.40219.1
Project("{8BC9CEB8-8B4A-11D0-8D11-00A0C91BC942}") = "AssaultCubeInternal", "AssaultCubeInternal\AssaultCubeInternal.vcxproj", "{AFD9CEB1-01CD-4148-8595-0416BA2E1765}"
EndProject
Project("{8BC9CEB8-8B4A-11D0-8D11-00A0C91BC942}") = "AssaultCubeInjector", "AssaultCubeInjector\AssaultCubeInjector.vcxproj", "{D29FE2AD-5ABA-4868-9C95-44F5C71E33B3}"
EndProject
Global
	GlobalSection(SolutionConfigurationPlatforms) = preSolution
		Debug|x86 = Debug|x86
		Release|x86 = Release|x86
	EndGlobalSection
	GlobalSection(ProjectConfigurationPlatforms) = postSolution
		{AFD9CEB1-01CD-4148-8595-0416BA2E1765}.Debug|x86.ActiveCfg = Debug|Win32
		{AFD9CEB1-01CD-4148-8595-0416BA2E1765}.Debug|x86.Build.0 = Debug|Win32
		{AFD9CEB1-01CD-4148-8595-0416BA2E1765}.Release|x86.ActiveCfg = Release|Win32
		{AFD9CEB1-01CD-4148-8595-0416BA2E1765}.Release|x86.Build.0 = Release|Win32
		{D29FE2AD-5ABA-4868-9C95-44F5C71E33B3}.Debug|x86.ActiveCfg = Debug|Win32
		{D29FE2AD-5ABA-4868-9C95-44F5C71E33B3}.Debug|x86.Build.0 = Debug|Win32
		{D29FE2AD-5ABA-4868-9C95-44F5C71E33B3}.Release|x86.ActiveCfg = Release|Win32
		{D29FE2AD-5ABA-4868-9C95-44F5C71E33B3}.Release|x86.Build.0 = Release|Win32
	EndGlobalSection
	GlobalSection(SolutionProperties) = preSolution
		HideSolutionNode = FALSE
	EndGlobalSection
	GlobalSection(ExtensibilityGlobals) = postSolution
		SolutionGuid = {DCF01064-81C2-405B-BC4A-5678DBAA9EA5}
	EndGlobalSection
EndGlobal
